
Microsoft Visual Studio Solution File, Format Version 12.00
# Visual Studio Express 14 for Web
VisualStudioVersion = 14.0.23107.0
MinimumVisualStudioVersion = 10.0.40219.1
Project("{FAE04EC0-301F-11D3-BF4B-00C04F79EFBC}") = "Interdisciplinary", "Interdisciplinary\Interdisciplinary.csproj", "{128E8096-56FC-476C-9166-3D4C032C74EF}"
EndProject
Project("{FAE04EC0-301F-11D3-BF4B-00C04F79EFBC}") = "InterdisciplinaryDomainModel", "InterdisciplinaryDomainModel\InterdisciplinaryDomainModel.csproj", "{0A57D1F6-12B7-4DDD-83FC-E5373C10C77A}"
EndProject
Global
	GlobalSection(SolutionConfigurationPlatforms) = preSolution
		Debug|Any CPU = Debug|Any CPU
		Release|Any CPU = Release|Any CPU
	EndGlobalSection
	GlobalSection(ProjectConfigurationPlatforms) = postSolution
		{128E8096-56FC-476C-9166-3D4C032C74EF}.Debug|Any CPU.ActiveCfg = Debug|Any CPU
		{128E8096-56FC-476C-9166-3D4C032C74EF}.Debug|Any CPU.Build.0 = Debug|Any CPU
		{128E8096-56FC-476C-9166-3D4C032C74EF}.Release|Any CPU.ActiveCfg = Release|Any CPU
		{128E8096-56FC-476C-9166-3D4C032C74EF}.Release|Any CPU.Build.0 = Release|Any CPU
		{0A57D1F6-12B7-4DDD-83FC-E5373C10C77A}.Debug|Any CPU.ActiveCfg = Debug|Any CPU
		{0A57D1F6-12B7-4DDD-83FC-E5373C10C77A}.Debug|Any CPU.Build.0 = Debug|Any CPU
		{0A57D1F6-12B7-4DDD-83FC-E5373C10C77A}.Release|Any CPU.ActiveCfg = Release|Any CPU
		{0A57D1F6-12B7-4DDD-83FC-E5373C10C77A}.Release|Any CPU.Build.0 = Release|Any CPU
	EndGlobalSection
	GlobalSection(SolutionProperties) = preSolution
		HideSolutionNode = FALSE
	EndGlobalSection
EndGlobal
